
Microsoft Visual Studio Solution File, Format Version 12.00
# Visual Studio 14
VisualStudioVersion = 14.0.24720.0
MinimumVisualStudioVersion = 10.0.40219.1
Project("{8BC9CEB8-8B4A-11D0-8D11-00A0C91BC942}") = "Proto", "Proto\Proto.vcxproj", "{C067470D-F59E-4386-9D14-41D08ECF44DB}"
	ProjectSection(ProjectDependencies) = postProject
		{C68832B0-8EE1-452B-80D7-6AF5DDF4AB87} = {C68832B0-8EE1-452B-80D7-6AF5DDF4AB87}
	EndProjectSection
EndProject
Project("{8BC9CEB8-8B4A-11D0-8D11-00A0C91BC942}") = "Framework", "Framework\Framework.vcxproj", "{C68832B0-8EE1-452B-80D7-6AF5DDF4AB87}"
EndProject
Global
	GlobalSection(SolutionConfigurationPlatforms) = preSolution
		Debug|x64 = Debug|x64
		Debug|x86 = Debug|x86
		Release|x64 = Release|x64
		Release|x86 = Release|x86
	EndGlobalSection
	GlobalSection(ProjectConfigurationPlatforms) = postSolution
		{C067470D-F59E-4386-9D14-41D08ECF44DB}.Debug|x64.ActiveCfg = Debug|x64
		{C067470D-F59E-4386-9D14-41D08ECF44DB}.Debug|x64.Build.0 = Debug|x64
		{C067470D-F59E-4386-9D14-41D08ECF44DB}.Debug|x86.ActiveCfg = Debug|Win32
		{C067470D-F59E-4386-9D14-41D08ECF44DB}.Debug|x86.Build.0 = Debug|Win32
		{C067470D-F59E-4386-9D14-41D08ECF44DB}.Release|x64.ActiveCfg = Release|x64
		{C067470D-F59E-4386-9D14-41D08ECF44DB}.Release|x64.Build.0 = Release|x64
		{C067470D-F59E-4386-9D14-41D08ECF44DB}.Release|x86.ActiveCfg = Release|Win32
		{C067470D-F59E-4386-9D14-41D08ECF44DB}.Release|x86.Build.0 = Release|Win32
		{C68832B0-8EE1-452B-80D7-6AF5DDF4AB87}.Debug|x64.ActiveCfg = Debug|x64
		{C68832B0-8EE1-452B-80D7-6AF5DDF4AB87}.Debug|x64.Build.0 = Debug|x64
		{C68832B0-8EE1-452B-80D7-6AF5DDF4AB87}.Debug|x86.ActiveCfg = Debug|Win32
		{C68832B0-8EE1-452B-80D7-6AF5DDF4AB87}.Debug|x86.Build.0 = Debug|Win32
		{C68832B0-8EE1-452B-80D7-6AF5DDF4AB87}.Release|x64.ActiveCfg = Release|x64
		{C68832B0-8EE1-452B-80D7-6AF5DDF4AB87}.Release|x64.Build.0 = Release|x64
		{C68832B0-8EE1-452B-80D7-6AF5DDF4AB87}.Release|x86.ActiveCfg = Release|Win32
		{C68832B0-8EE1-452B-80D7-6AF5DDF4AB87}.Release|x86.Build.0 = Release|Win32
	EndGlobalSection
	GlobalSection(SolutionProperties) = preSolution
		HideSolutionNode = FALSE
	EndGlobalSection
EndGlobal
